
Microsoft Visual Studio Solution File, Format Version 12.00
# Visual Studio Version 17
VisualStudioVersion = 17.0.31903.59
MinimumVisualStudioVersion = 10.0.40219.1
Project("{2150E333-8FDC-42A3-9474-1A3956D46DE8}") = "src", "src", "{F7A8C320-98E0-4BE6-B565-6538392AD0A1}"
EndProject
Project("{FAE04EC0-301F-11D3-BF4B-00C04F79EFBC}") = "Clean.Architecture.Template.Core", "src\Clean.Architecture.Template.Core\Clean.Architecture.Template.Core.csproj", "{A5F7DC5D-6E3C-4DB7-AD19-A7F94DA986CE}"
EndProject
Project("{FAE04EC0-301F-11D3-BF4B-00C04F79EFBC}") = "Clean.Architecture.Template.Application", "src\Clean.Architecture.Template.Application\Clean.Architecture.Template.Application.csproj", "{49D08D42-DE09-4790-8ADD-62F5D5ED3B3D}"
EndProject
Project("{FAE04EC0-301F-11D3-BF4B-00C04F79EFBC}") = "Clean.Architecture.Template.Infrastructure", "src\Clean.Architecture.Template.Infrastructure\Clean.Architecture.Template.Infrastructure.csproj", "{997D5F13-8AC4-4CD6-A22E-F6E12C645146}"
EndProject
Project("{FAE04EC0-301F-11D3-BF4B-00C04F79EFBC}") = "Clean.Architecture.Template.API", "src\Clean.Architecture.Template.API\Clean.Architecture.Template.API.csproj", "{B8A4D8F2-E78C-45C2-B1DC-939A1AC64D48}"
EndProject
Project("{2150E333-8FDC-42A3-9474-1A3956D46DE8}") = "tests", "tests", "{C8B5E6F1-3D47-4E2B-8C6A-7F2D1E9A5B4C}"
EndProject
Project("{FAE04EC0-301F-11D3-BF4B-00C04F79EFBC}") = "Clean.Architecture.Template.Application.UnitTests", "tests\Clean.Architecture.Template.Application.UnitTests\Clean.Architecture.Template.Application.UnitTests.csproj", "{2334B51C-FD58-466D-BD18-841254D29E47}"
EndProject
Project("{FAE04EC0-301F-11D3-BF4B-00C04F79EFBC}") = "Clean.Architecture.Template.Core.UnitTests", "tests\Clean.Architecture.Template.Core.UnitTests\Clean.Architecture.Template.Core.UnitTests.csproj", "{D3A33684-C77D-4C67-B42C-2E2A3B67C029}"
EndProject
Project("{FAE04EC0-301F-11D3-BF4B-00C04F79EFBC}") = "Clean.Architecture.Template.Infrastructure.UnitTests", "tests\Clean.Architecture.Template.Infrastructure.UnitTests\Clean.Architecture.Template.Infrastructure.UnitTests.csproj", "{F50F68EE-ACC2-4704-AC79-BDE8FF7B2A1C}"
EndProject
Project("{FAE04EC0-301F-11D3-BF4B-00C04F79EFBC}") = "Clean.Architecture.Template.TestCommon", "tests\TestCommon\Clean.Architecture.Template.TestCommon.csproj", "{3A810061-5783-4282-BE41-79C3064FD968}"
EndProject
Global
	GlobalSection(SolutionConfigurationPlatforms) = preSolution
		Debug|Any CPU = Debug|Any CPU
		Release|Any CPU = Release|Any CPU
	EndGlobalSection
	GlobalSection(SolutionProperties) = preSolution
		HideSolutionNode = FALSE
	EndGlobalSection
	GlobalSection(ProjectConfigurationPlatforms) = postSolution
		{A5F7DC5D-6E3C-4DB7-AD19-A7F94DA986CE}.Debug|Any CPU.ActiveCfg = Debug|Any CPU
		{A5F7DC5D-6E3C-4DB7-AD19-A7F94DA986CE}.Debug|Any CPU.Build.0 = Debug|Any CPU
		{A5F7DC5D-6E3C-4DB7-AD19-A7F94DA986CE}.Release|Any CPU.ActiveCfg = Release|Any CPU
		{A5F7DC5D-6E3C-4DB7-AD19-A7F94DA986CE}.Release|Any CPU.Build.0 = Release|Any CPU
		{49D08D42-DE09-4790-8ADD-62F5D5ED3B3D}.Debug|Any CPU.ActiveCfg = Debug|Any CPU
		{49D08D42-DE09-4790-8ADD-62F5D5ED3B3D}.Debug|Any CPU.Build.0 = Debug|Any CPU
		{49D08D42-DE09-4790-8ADD-62F5D5ED3B3D}.Release|Any CPU.ActiveCfg = Release|Any CPU
		{49D08D42-DE09-4790-8ADD-62F5D5ED3B3D}.Release|Any CPU.Build.0 = Release|Any CPU
		{997D5F13-8AC4-4CD6-A22E-F6E12C645146}.Debug|Any CPU.ActiveCfg = Debug|Any CPU
		{997D5F13-8AC4-4CD6-A22E-F6E12C645146}.Debug|Any CPU.Build.0 = Debug|Any CPU
		{997D5F13-8AC4-4CD6-A22E-F6E12C645146}.Release|Any CPU.ActiveCfg = Release|Any CPU
		{997D5F13-8AC4-4CD6-A22E-F6E12C645146}.Release|Any CPU.Build.0 = Release|Any CPU
		{B8A4D8F2-E78C-45C2-B1DC-939A1AC64D48}.Debug|Any CPU.ActiveCfg = Debug|Any CPU
		{B8A4D8F2-E78C-45C2-B1DC-939A1AC64D48}.Debug|Any CPU.Build.0 = Debug|Any CPU
		{B8A4D8F2-E78C-45C2-B1DC-939A1AC64D48}.Release|Any CPU.ActiveCfg = Release|Any CPU
		{B8A4D8F2-E78C-45C2-B1DC-939A1AC64D48}.Release|Any CPU.Build.0 = Release|Any CPU
		{2334B51C-FD58-466D-BD18-841254D29E47}.Debug|Any CPU.ActiveCfg = Debug|Any CPU
		{2334B51C-FD58-466D-BD18-841254D29E47}.Debug|Any CPU.Build.0 = Debug|Any CPU
		{2334B51C-FD58-466D-BD18-841254D29E47}.Release|Any CPU.ActiveCfg = Release|Any CPU
		{2334B51C-FD58-466D-BD18-841254D29E47}.Release|Any CPU.Build.0 = Release|Any CPU
		{2BD61AD6-2E82-4416-8BE2-9EDD070112B5}.Debug|Any CPU.ActiveCfg = Debug|Any CPU
		{2BD61AD6-2E82-4416-8BE2-9EDD070112B5}.Debug|Any CPU.Build.0 = Debug|Any CPU
		{2BD61AD6-2E82-4416-8BE2-9EDD070112B5}.Release|Any CPU.ActiveCfg = Release|Any CPU
		{2BD61AD6-2E82-4416-8BE2-9EDD070112B5}.Release|Any CPU.Build.0 = Release|Any CPU
		{D3A33684-C77D-4C67-B42C-2E2A3B67C029}.Debug|Any CPU.ActiveCfg = Debug|Any CPU
		{D3A33684-C77D-4C67-B42C-2E2A3B67C029}.Debug|Any CPU.Build.0 = Debug|Any CPU
		{D3A33684-C77D-4C67-B42C-2E2A3B67C029}.Release|Any CPU.ActiveCfg = Release|Any CPU
		{D3A33684-C77D-4C67-B42C-2E2A3B67C029}.Release|Any CPU.Build.0 = Release|Any CPU
		{F50F68EE-ACC2-4704-AC79-BDE8FF7B2A1C}.Debug|Any CPU.ActiveCfg = Debug|Any CPU
		{F50F68EE-ACC2-4704-AC79-BDE8FF7B2A1C}.Debug|Any CPU.Build.0 = Debug|Any CPU
		{F50F68EE-ACC2-4704-AC79-BDE8FF7B2A1C}.Release|Any CPU.ActiveCfg = Release|Any CPU
		{F50F68EE-ACC2-4704-AC79-BDE8FF7B2A1C}.Release|Any CPU.Build.0 = Release|Any CPU
		{3A810061-5783-4282-BE41-79C3064FD968}.Debug|Any CPU.ActiveCfg = Debug|Any CPU
		{3A810061-5783-4282-BE41-79C3064FD968}.Debug|Any CPU.Build.0 = Debug|Any CPU
		{3A810061-5783-4282-BE41-79C3064FD968}.Release|Any CPU.ActiveCfg = Release|Any CPU
		{3A810061-5783-4282-BE41-79C3064FD968}.Release|Any CPU.Build.0 = Release|Any CPU
	EndGlobalSection
	GlobalSection(NestedProjects) = preSolution
		{A5F7DC5D-6E3C-4DB7-AD19-A7F94DA986CE} = {F7A8C320-98E0-4BE6-B565-6538392AD0A1}
		{49D08D42-DE09-4790-8ADD-62F5D5ED3B3D} = {F7A8C320-98E0-4BE6-B565-6538392AD0A1}
		{997D5F13-8AC4-4CD6-A22E-F6E12C645146} = {F7A8C320-98E0-4BE6-B565-6538392AD0A1}
		{B8A4D8F2-E78C-45C2-B1DC-939A1AC64D48} = {F7A8C320-98E0-4BE6-B565-6538392AD0A1}
		{2334B51C-FD58-466D-BD18-841254D29E47} = {C8B5E6F1-3D47-4E2B-8C6A-7F2D1E9A5B4C}
		{D3A33684-C77D-4C67-B42C-2E2A3B67C029} = {C8B5E6F1-3D47-4E2B-8C6A-7F2D1E9A5B4C}
		{F50F68EE-ACC2-4704-AC79-BDE8FF7B2A1C} = {C8B5E6F1-3D47-4E2B-8C6A-7F2D1E9A5B4C}
		{3A810061-5783-4282-BE41-79C3064FD968} = {C8B5E6F1-3D47-4E2B-8C6A-7F2D1E9A5B4C}
	EndGlobalSection
EndGlobal
